
Microsoft Visual Studio Solution File, Format Version 12.00
# Visual Studio 15
VisualStudioVersion = 15.0.27004.2005
MinimumVisualStudioVersion = 10.0.40219.1
Project("{888888A0-9F3D-457C-B088-3A5042F75D52}") = "NimGame", "NimGame\NimGame.pyproj", "{F5D58574-E193-4FAF-AFB3-C754AF382B56}"
EndProject
Global
	GlobalSection(SolutionConfigurationPlatforms) = preSolution
		Debug|Any CPU = Debug|Any CPU
		Release|Any CPU = Release|Any CPU
	EndGlobalSection
	GlobalSection(ProjectConfigurationPlatforms) = postSolution
		{F5D58574-E193-4FAF-AFB3-C754AF382B56}.Debug|Any CPU.ActiveCfg = Debug|Any CPU
		{F5D58574-E193-4FAF-AFB3-C754AF382B56}.Release|Any CPU.ActiveCfg = Release|Any CPU
	EndGlobalSection
	GlobalSection(SolutionProperties) = preSolution
		HideSolutionNode = FALSE
	EndGlobalSection
	GlobalSection(ExtensibilityGlobals) = postSolution
		SolutionGuid = {95D99E14-E786-4838-847D-DE062CFBCD36}
	EndGlobalSection
EndGlobal
